dependencies:
- name: seaweedfs
  repository: https://seaweedfs.github.io/seaweedfs/helm
  version: 4.0.407
- name: longhorn
  repository: https://charts.longhorn.io
  version: 1.7.2
digest: sha256:cde03166f2a87e136137a8f05f76e096691cc5460fc9208e24eb743cec417495
generated: "2026-02-05T20:53:14.158105+01:00"
